
Microsoft Visual Studio Solution File, Format Version 12.00
# Visual Studio Version 16
VisualStudioVersion = 16.0.31515.178
MinimumVisualStudioVersion = 10.0.40219.1
Project("{888888A0-9F3D-457C-B088-3A5042F75D52}") = "Basic Multithreading Test", "Basic Multithreading Test\Basic Multithreading Test.pyproj", "{475A2E09-ACDF-4506-9462-4CEB1F6DBB92}"
EndProject
Global
	GlobalSection(SolutionConfigurationPlatforms) = preSolution
		Debug|Any CPU = Debug|Any CPU
		Release|Any CPU = Release|Any CPU
	EndGlobalSection
	GlobalSection(ProjectConfigurationPlatforms) = postSolution
		{475A2E09-ACDF-4506-9462-4CEB1F6DBB92}.Debug|Any CPU.ActiveCfg = Debug|Any CPU
		{475A2E09-ACDF-4506-9462-4CEB1F6DBB92}.Release|Any CPU.ActiveCfg = Release|Any CPU
	EndGlobalSection
	GlobalSection(SolutionProperties) = preSolution
		HideSolutionNode = FALSE
	EndGlobalSection
	GlobalSection(ExtensibilityGlobals) = postSolution
		SolutionGuid = {AA77112A-A3BC-43C9-93C2-43E51ACCD3A5}
	EndGlobalSection
EndGlobal
